// !$*UTF8*$!
{
	archiveVersion = 1;
	classes = {
	};
	objectVersion = 46;
	objects = {

/* Begin PBXBuildFile section */
		64CF02111B94CC3D009776BD /* AppDelegate.swift in Sources */ = {isa = PBXBuildFile; fileRef = 64CF02101B94CC3D009776BD /* AppDelegate.swift */; };
		64CF02131B94CC3D009776BD /* MasterViewController.swift in Sources */ = {isa = PBXBuildFile; fileRef = 64CF02121B94CC3D009776BD /* MasterViewController.swift */; };
		64CF02151B94CC3D009776BD /* DetailViewController.swift in Sources */ = {isa = PBXBuildFile; fileRef = 64CF02141B94CC3D009776BD /* DetailViewController.swift */; };
		64CF02181B94CC3D009776BD /* Main.storyboard in Resources */ = {isa = PBXBuildFile; fileRef = 64CF02161B94CC3D009776BD /* Main.storyboard */; };
		64CF021A1B94CC3D009776BD /* Images.xcassets in Resources */ = {isa = PBXBuildFile; fileRef = 64CF02191B94CC3D009776BD /* Images.xcassets */; };
		64CF021D1B94CC3D009776BD /* LaunchScreen.xib in Resources */ = {isa = PBXBuildFile; fileRef = 64CF021B1B94CC3D009776BD /* LaunchScreen.xib */; };
		64CF02291B94CC3D009776BD /* Desafio_ExistingProjectTests.swift in Sources */ = {isa = PBXBuildFile; fileRef = 64CF02281B94CC3D009776BD /* Desafio_ExistingProjectTests.swift */; };
/* End PBXBuildFile section */

/* Begin PBXContainerItemProxy section */
		64CF02231B94CC3D009776BD /* PBXContainerItemProxy */ = {
			isa = PBXContainerItemProxy;
			containerPortal = 64CF02031B94CC3D009776BD /* Project object */;
			proxyType = 1;
			remoteGlobalIDString = 64CF020A1B94CC3D009776BD;
			remoteInfo = "Desafio ExistingProject";
		};
/* End PBXContainerItemProxy section */

/* Begin PBXFileReference section */
		64CF020B1B94CC3D009776BD /* Desafio ExistingProject.app */ = {isa = PBXFileReference; explicitFileType = wrapper.application; includeInIndex = 0; path = "Desafio ExistingProject.app"; sourceTree = BUILT_PRODUCTS_DIR; };
		64CF020F1B94CC3D009776BD /* Info.plist */ = {isa = PBXFileReference; lastKnownFileType = text.plist.xml; path = Info.plist; sourceTree = "<group>"; };
		64CF02101B94CC3D009776BD /* AppDelegate.swift */ = {isa = PBXFileReference; lastKnownFileType = sourcecode.swift; path = AppDelegate.swift; sourceTree = "<group>"; };
		64CF02121B94CC3D009776BD /* MasterViewController.swift */ = {isa = PBXFileReference; lastKnownFileType = sourcecode.swift; path = MasterViewController.swift; sourceTree = "<group>"; };
		64CF02141B94CC3D009776BD /* DetailViewController.swift */ = {isa = PBXFileReference; lastKnownFileType = sourcecode.swift; path = DetailViewController.swift; sourceTree = "<group>"; };
		64CF02171B94CC3D009776BD /* Base */ = {isa = PBXFileReference; lastKnownFileType = file.storyboard; name = Base; path = Base.lproj/Main.storyboard; sourceTree = "<group>"; };
		64CF02191B94CC3D009776BD /* Images.xcassets */ = {isa = PBXFileReference; lastKnownFileType = folder.assetcatalog; path = Images.xcassets; sourceTree = "<group>"; };
		64CF021C1B94CC3D009776BD /* Base */ = {isa = PBXFileReference; lastKnownFileType = file.xib; name = Base; path = Base.lproj/LaunchScreen.xib; sourceTree = "<group>"; };
		64CF02221B94CC3D009776BD /* Desafio ExistingProjectTests.xctest */ = {isa = PBXFileReference; explicitFileType = wrapper.cfbundle; includeInIndex = 0; path = "Desafio ExistingProjectTests.xctest"; sourceTree = BUILT_PRODUCTS_DIR; };
		64CF02271B94CC3D009776BD /* Info.plist */ = {isa = PBXFileReference; lastKnownFileType = text.plist.xml; path = Info.plist; sourceTree = "<group>"; };
		64CF02281B94CC3D009776BD /* Desafio_ExistingProjectTests.swift */ = {isa = PBXFileReference; lastKnownFileType = sourcecode.swift; path = Desafio_ExistingProjectTests.swift; sourceTree = "<group>"; };
/* End PBXFileReference section */

/* Begin PBXFrameworksBuildPhase section */
		64CF02081B94CC3D009776BD /* Frameworks */ = {
			isa = PBXFrameworksBuildPhase;
			buildActionMask = 2147483647;
			files = (
			);
			runOnlyForDeploymentPostprocessing = 0;
		};
		64CF021F1B94CC3D009776BD /* Frameworks */ = {
			isa = PBXFrameworksBuildPhase;
			buildActionMask = 2147483647;
			files = (
			);
			runOnlyForDeploymentPostprocessing = 0;
		};
/* End PBXFrameworksBuildPhase section */

/* Begin PBXGroup section */
		643AE9271B94D3BB00005D69 /* View Controllers */ = {
			isa = PBXGroup;
			children = (
				64CF02121B94CC3D009776BD /* MasterViewController.swift */,
				64CF02141B94CC3D009776BD /* DetailViewController.swift */,
			);
			name = "View Controllers";
			sourceTree = "<group>";
		};
		643AE9281B94D3DA00005D69 /* Resources */ = {
			isa = PBXGroup;
			children = (
				64CF02161B94CC3D009776BD /* Main.storyboard */,
				64CF02191B94CC3D009776BD /* Images.xcassets */,
				64CF021B1B94CC3D009776BD /* LaunchScreen.xib */,
			);
			name = Resources;
			sourceTree = "<group>";
		};
		64CF02021B94CC3D009776BD = {
			isa = PBXGroup;
			children = (
				64CF020D1B94CC3D009776BD /* Desafio ExistingProject */,
				64CF02251B94CC3D009776BD /* Desafio ExistingProjectTests */,
				64CF020C1B94CC3D009776BD /* Products */,
			);
			sourceTree = "<group>";
		};
		64CF020C1B94CC3D009776BD /* Products */ = {
			isa = PBXGroup;
			children = (
				64CF020B1B94CC3D009776BD /* Desafio ExistingProject.app */,
				64CF02221B94CC3D009776BD /* Desafio ExistingProjectTests.xctest */,
			);
			name = Products;
			sourceTree = "<group>";
		};
		64CF020D1B94CC3D009776BD /* Desafio ExistingProject */ = {
			isa = PBXGroup;
			children = (
				64CF02101B94CC3D009776BD /* AppDelegate.swift */,
				643AE9271B94D3BB00005D69 /* View Controllers */,
				643AE9281B94D3DA00005D69 /* Resources */,
				64CF020E1B94CC3D009776BD /* Supporting Files */,
			);
			path = "Desafio ExistingProject";
			sourceTree = "<group>";
		};
		64CF020E1B94CC3D009776BD /* Supporting Files */ = {
			isa = PBXGroup;
			children = (
				64CF020F1B94CC3D009776BD /* Info.plist */,
			);
			name = "Supporting Files";
			sourceTree = "<group>";
		};
		64CF02251B94CC3D009776BD /* Desafio ExistingProjectTests */ = {
			isa = PBXGroup;
			children = (
				64CF02281B94CC3D009776BD /* Desafio_ExistingProjectTests.swift */,
				64CF02261B94CC3D009776BD /* Supporting Files */,
			);
			path = "Desafio ExistingProjectTests";
			sourceTree = "<group>";
		};
		64CF02261B94CC3D009776BD /* Supporting Files */ = {
			isa = PBXGroup;
			children = (
				64CF02271B94CC3D009776BD /* Info.plist */,
			);
			name = "Supporting Files";
			sourceTree = "<group>";
		};
/* End PBXGroup section */

/* Begin PBXNativeTarget section */
		64CF020A1B94CC3D009776BD /* Desafio ExistingProject */ = {
			isa = PBXNativeTarget;
			buildConfigurationList = 64CF022C1B94CC3D009776BD /* Build configuration list for PBXNativeTarget "Desafio ExistingProject" */;
			buildPhases = (
				64CF02071B94CC3D009776BD /* Sources */,
				64CF02081B94CC3D009776BD /* Frameworks */,
				64CF02091B94CC3D009776BD /* Resources */,
			);
			buildRules = (
			);
			dependencies = (
			);
			name = "Desafio ExistingProject";
			productName = "Desafio ExistingProject";
			productReference = 64CF020B1B94CC3D009776BD /* Desafio ExistingProject.app */;
			productType = "com.apple.product-type.application";
		};
		64CF02211B94CC3D009776BD /* Desafio ExistingProjectTests */ = {
			isa = PBXNativeTarget;
			buildConfigurationList = 64CF022F1B94CC3D009776BD /* Build configuration list for PBXNativeTarget "Desafio ExistingProjectTests" */;
			buildPhases = (
				64CF021E1B94CC3D009776BD /* Sources */,
				64CF021F1B94CC3D009776BD /* Frameworks */,
				64CF02201B94CC3D009776BD /* Resources */,
			);
			buildRules = (
			);
			dependencies = (
				64CF02241B94CC3D009776BD /* PBXTargetDependency */,
			);
			name = "Desafio ExistingProjectTests";
			productName = "Desafio ExistingProjectTests";
			productReference = 64CF02221B94CC3D009776BD /* Desafio ExistingProjectTests.xctest */;
			productType = "com.apple.product-type.bundle.unit-test";
		};
/* End PBXNativeTarget section */

/* Begin PBXProject section */
		64CF02031B94CC3D009776BD /* Project object */ = {
			isa = PBXProject;
			attributes = {
				LastUpgradeCheck = 0640;
				ORGANIZATIONNAME = "Diego Oliveira";
				TargetAttributes = {
					64CF020A1B94CC3D009776BD = {
						CreatedOnToolsVersion = 6.4;
					};
					64CF02211B94CC3D009776BD = {
						CreatedOnToolsVersion = 6.4;
						TestTargetID = 64CF020A1B94CC3D009776BD;
					};
				};
			};
			buildConfigurationList = 64CF02061B94CC3D009776BD /* Build configuration list for PBXProject "Desafio ExistingProject" */;
			compatibilityVersion = "Xcode 3.2";
			developmentRegion = English;
			hasScannedForEncodings = 0;
			knownRegions = (
				en,
				Base,
			);
			mainGroup = 64CF02021B94CC3D009776BD;
			productRefGroup = 64CF020C1B94CC3D009776BD /* Products */;
			projectDirPath = "";
			projectRoot = "";
			targets = (
				64CF020A1B94CC3D009776BD /* Desafio ExistingProject */,
				64CF02211B94CC3D009776BD /* Desafio ExistingProjectTests */,
			);
		};
/* End PBXProject section */

/* Begin PBXResourcesBuildPhase section */
		64CF02091B94CC3D009776BD /* Resources */ = {
			isa = PBXResourcesBuildPhase;
			buildActionMask = 2147483647;
			files = (
				64CF02181B94CC3D009776BD /* Main.storyboard in Resources */,
				64CF021D1B94CC3D009776BD /* LaunchScreen.xib in Resources */,
				64CF021A1B94CC3D009776BD /* Images.xcassets in Resources */,
			);
			runOnlyForDeploymentPostprocessing = 0;
		};
		64CF02201B94CC3D009776BD /* Resources */ = {
			isa = PBXResourcesBuildPhase;
			buildActionMask = 2147483647;
			files = (
			);
			runOnlyForDeploymentPostprocessing = 0;
		};
/* End PBXResourcesBuildPhase section */

/* Begin PBXSourcesBuildPhase section */
		64CF02071B94CC3D009776BD /* Sources */ = {
			isa = PBXSourcesBuildPhase;
			buildActionMask = 2147483647;
			files = (
				64CF02151B94CC3D009776BD /* DetailViewController.swift in Sources */,
				64CF02131B94CC3D009776BD /* MasterViewController.swift in Sources */,
				64CF02111B94CC3D009776BD /* AppDelegate.swift in Sources */,
			);
			runOnlyForDeploymentPostprocessing = 0;
		};
		64CF021E1B94CC3D009776BD /* Sources */ = {
			isa = PBXSourcesBuildPhase;
			buildActionMask = 2147483647;
			files = (
				64CF02291B94CC3D009776BD /* Desafio_ExistingProjectTests.swift in Sources */,
			);
			runOnlyForDeploymentPostprocessing = 0;
		};
/* End PBXSourcesBuildPhase section */

/* Begin PBXTargetDependency section */
		64CF02241B94CC3D009776BD /* PBXTargetDependency */ = {
			isa = PBXTargetDependency;
			target = 64CF020A1B94CC3D009776BD /* Desafio ExistingProject */;
			targetProxy = 64CF02231B94CC3D009776BD /* PBXContainerItemProxy */;
		};
/* End PBXTargetDependency section */

/* Begin PBXVariantGroup section */
		64CF02161B94CC3D009776BD /* Main.storyboard */ = {
			isa = PBXVariantGroup;
			children = (
				64CF02171B94CC3D009776BD /* Base */,
			);
			name = Main.storyboard;
			sourceTree = "<group>";
		};
		64CF021B1B94CC3D009776BD /* LaunchScreen.xib */ = {
			isa = PBXVariantGroup;
			children = (
				64CF021C1B94CC3D009776BD /* Base */,
			);
			name = LaunchScreen.xib;
			sourceTree = "<group>";
		};
/* End PBXVariantGroup section */

/* Begin XCBuildConfiguration section */
		64CF022A1B94CC3D009776BD /* Debug */ = {
			isa = XCBuildConfiguration;
			buildSettings = {
				ALWAYS_SEARCH_USER_PATHS = NO;
				CLANG_CXX_LANGUAGE_STANDARD = "gnu++0x";
				CLANG_CXX_LIBRARY = "libc++";
				CLANG_ENABLE_MODULES = YES;
				CLANG_ENABLE_OBJC_ARC = YES;
				CLANG_WARN_BOOL_CONVERSION = YES;
				CLANG_WARN_CONSTANT_CONVERSION = YES;
				CLANG_WARN_DIRECT_OBJC_ISA_USAGE = YES_ERROR;
				CLANG_WARN_EMPTY_BODY = YES;
				CLANG_WARN_ENUM_CONVERSION = YES;
				CLANG_WARN_INT_CONVERSION = YES;
				CLANG_WARN_OBJC_ROOT_CLASS = YES_ERROR;
				CLANG_WARN_UNREACHABLE_CODE = YES;
				CLANG_WARN__DUPLICATE_METHOD_MATCH = YES;
				"CODE_SIGN_IDENTITY[sdk=iphoneos*]" = "iPhone Developer";
				COPY_PHASE_STRIP = NO;
				DEBUG_INFORMATION_FORMAT = "dwarf-with-dsym";
				ENABLE_STRICT_OBJC_MSGSEND = YES;
				GCC_C_LANGUAGE_STANDARD = gnu99;
				GCC_DYNAMIC_NO_PIC = NO;
				GCC_NO_COMMON_BLOCKS = YES;
				GCC_OPTIMIZATION_LEVEL = 0;
				GCC_PREPROCESSOR_DEFINITIONS = (
					"DEBUG=1",
					"$(inherited)",
				);
				GCC_SYMBOLS_PRIVATE_EXTERN = NO;
				GCC_WARN_64_TO_32_BIT_CONVERSION = YES;
				GCC_WARN_ABOUT_RETURN_TYPE = YES_ERROR;
				GCC_WARN_UNDECLARED_SELECTOR = YES;
				GCC_WARN_UNINITIALIZED_AUTOS = YES_AGGRESSIVE;
				GCC_WARN_UNUSED_FUNCTION = YES;
				GCC_WARN_UNUSED_VARIABLE = YES;
				IPHONEOS_DEPLOYMENT_TARGET = 8.4;
				MTL_ENABLE_DEBUG_INFO = YES;
				ONLY_ACTIVE_ARCH = YES;
				SDKROOT = iphoneos;
				SWIFT_OPTIMIZATION_LEVEL = "-Onone";
				TARGETED_DEVICE_FAMILY = "1,2";
			};
			name = Debug;
		};
		64CF022B1B94CC3D009776BD /* Release */ = {
			isa = XCBuildConfiguration;
			buildSettings = {
				ALWAYS_SEARCH_USER_PATHS = NO;
				CLANG_CXX_LANGUAGE_STANDARD = "gnu++0x";
				CLANG_CXX_LIBRARY = "libc++";
				CLANG_ENABLE_MODULES = YES;
				CLANG_ENABLE_OBJC_ARC = YES;
				CLANG_WARN_BOOL_CONVERSION = YES;
				CLANG_WARN_CONSTANT_CONVERSION = YES;
				CLANG_WARN_DIRECT_OBJC_ISA_USAGE = YES_ERROR;
				CLANG_WARN_EMPTY_BODY = YES;
				CLANG_WARN_ENUM_CONVERSION = YES;
				CLANG_WARN_INT_CONVERSION = YES;
				CLANG_WARN_OBJC_ROOT_CLASS = YES_ERROR;
				CLANG_WARN_UNREACHABLE_CODE = YES;
				CLANG_WARN__DUPLICATE_METHOD_MATCH = YES;
				"CODE_SIGN_IDENTITY[sdk=iphoneos*]" = "iPhone Developer";
				COPY_PHASE_STRIP = NO;
				DEBUG_INFORMATION_FORMAT = "dwarf-with-dsym";
				ENABLE_NS_ASSERTIONS = NO;
				ENABLE_STRICT_OBJC_MSGSEND = YES;
				GCC_C_LANGUAGE_STANDARD = gnu99;
				GCC_NO_COMMON_BLOCKS = YES;
				GCC_WARN_64_TO_32_BIT_CONVERSION = YES;
				GCC_WARN_ABOUT_RETURN_TYPE = YES_ERROR;
				GCC_WARN_UNDECLARED_SELECTOR = YES;
				GCC_WARN_UNINITIALIZED_AUTOS = YES_AGGRESSIVE;
				GCC_WARN_UNUSED_FUNCTION = YES;
				GCC_WARN_UNUSED_VARIABLE = YES;
				IPHONEOS_DEPLOYMENT_TARGET = 8.4;
				MTL_ENABLE_DEBUG_INFO = NO;
				SDKROOT = iphoneos;
				TARGETED_DEVICE_FAMILY = "1,2";
				VALIDATE_PRODUCT = YES;
			};
			name = Release;
		};
		64CF022D1B94CC3D009776BD /* Debug */ = {
			isa = XCBuildConfiguration;
			buildSettings = {
				ASSETCATALOG_COMPILER_APPICON_NAME = AppIcon;
				INFOPLIST_FILE = "Desafio ExistingProject/Info.plist";
				LD_RUNPATH_SEARCH_PATHS = "$(inherited) @executable_path/Frameworks";
				PRODUCT_NAME = "$(TARGET_NAME)";
			};
			name = Debug;
		};
		64CF022E1B94CC3D009776BD /* Release */ = {
			isa = XCBuildConfiguration;
			buildSettings = {
				ASSETCATALOG_COMPILER_APPICON_NAME = AppIcon;
				INFOPLIST_FILE = "Desafio ExistingProject/Info.plist";
				LD_RUNPATH_SEARCH_PATHS = "$(inherited) @executable_path/Frameworks";
				PRODUCT_NAME = "$(TARGET_NAME)";
			};
			name = Release;
		};
		64CF02301B94CC3D009776BD /* Debug */ = {
			isa = XCBuildConfiguration;
			buildSettings = {
				BUNDLE_LOADER = "$(TEST_HOST)";
				FRAMEWORK_SEARCH_PATHS = (
					"$(SDKROOT)/Developer/Library/Frameworks",
					"$(inherited)",
				);
				GCC_PREPROCESSOR_DEFINITIONS = (
					"DEBUG=1",
					"$(inherited)",
				);
				INFOPLIST_FILE = "Desafio ExistingProjectTests/Info.plist";
				LD_RUNPATH_SEARCH_PATHS = "$(inherited) @executable_path/Frameworks @loader_path/Frameworks";
				PRODUCT_NAME = "$(TARGET_NAME)";
				TEST_HOST = "$(BUILT_PRODUCTS_DIR)/Desafio ExistingProject.app/Desafio ExistingProject";
			};
			name = Debug;
		};
		64CF02311B94CC3D009776BD /* Release */ = {
			isa = XCBuildConfiguration;
			buildSettings = {
				BUNDLE_LOADER = "$(TEST_HOST)";
				FRAMEWORK_SEARCH_PATHS = (
					"$(SDKROOT)/Developer/Library/Frameworks",
					"$(inherited)",
				);
				INFOPLIST_FILE = "Desafio ExistingProjectTests/Info.plist";
				LD_RUNPATH_SEARCH_PATHS = "$(inherited) @executable_path/Frameworks @loader_path/Frameworks";
				PRODUCT_NAME = "$(TARGET_NAME)";
				TEST_HOST = "$(BUILT_PRODUCTS_DIR)/Desafio ExistingProject.app/Desafio ExistingProject";
			};
			name = Release;
		};
/* End XCBuildConfiguration section */

/* Begin XCConfigurationList section */
		64CF02061B94CC3D009776BD /* Build configuration list for PBXProject "Desafio ExistingProject" */ = {
			isa = XCConfigurationList;
			buildConfigurations = (
				64CF022A1B94CC3D009776BD /* Debug */,
				64CF022B1B94CC3D009776BD /* Release */,
			);
			defaultConfigurationIsVisible = 0;
			defaultConfigurationName = Release;
		};
		64CF022C1B94CC3D009776BD /* Build configuration list for PBXNativeTarget "Desafio ExistingProject" */ = {
			isa = XCConfigurationList;
			buildConfigurations = (
				64CF022D1B94CC3D009776BD /* Debug */,
				64CF022E1B94CC3D009776BD /* Release */,
			);
			defaultConfigurationIsVisible = 0;
			defaultConfigurationName = Release;
		};
		64CF022F1B94CC3D009776BD /* Build configuration list for PBXNativeTarget "Desafio ExistingProjectTests" */ = {
			isa = XCConfigurationList;
			buildConfigurations = (
				64CF02301B94CC3D009776BD /* Debug */,
				64CF02311B94CC3D009776BD /* Release */,
			);
			defaultConfigurationIsVisible = 0;
			defaultConfigurationName = Release;
		};
/* End XCConfigurationList section */
	};
	rootObject = 64CF02031B94CC3D009776BD /* Project object */;
}
